// !$*UTF8*$!
{
	archiveVersion = 1;
	classes = {
	};
	objectVersion = 46;
	objects = {

/* Begin PBXBuildFile section */
		15161F251BC07EA000FB6CBC /* ViewControllerLogin.m in Sources */ = {isa = PBXBuildFile; fileRef = 15161F241BC07EA000FB6CBC /* ViewControllerLogin.m */; settings = {ASSET_TAGS = (); }; };
		15D306BD1BC0A9C40083847F /* logo.png in Resources */ = {isa = PBXBuildFile; fileRef = 15D306BC1BC0A9C40083847F /* logo.png */; settings = {ASSET_TAGS = (); }; };
		15D306C01BC0B2250083847F /* ViewControllerSignUp.m in Sources */ = {isa = PBXBuildFile; fileRef = 15D306BF1BC0B2250083847F /* ViewControllerSignUp.m */; settings = {ASSET_TAGS = (); }; };
		15D314E61BC102C2006C9D51 /* Alex OP.JPG in Resources */ = {isa = PBXBuildFile; fileRef = 15D314E51BC102C2006C9D51 /* Alex OP.JPG */; settings = {ASSET_TAGS = (); }; };
		15D314EC1BC13975006C9D51 /* SelectCourseViewController.m in Sources */ = {isa = PBXBuildFile; fileRef = 15D314EB1BC13975006C9D51 /* SelectCourseViewController.m */; settings = {ASSET_TAGS = (); }; };
		1A8A14B41BC0636A007E7533 /* main.m in Sources */ = {isa = PBXBuildFile; fileRef = 1A8A14B31BC0636A007E7533 /* main.m */; };
		1A8A14B71BC0636A007E7533 /* AppDelegate.m in Sources */ = {isa = PBXBuildFile; fileRef = 1A8A14B61BC0636A007E7533 /* AppDelegate.m */; };
		1A8A14BD1BC0636B007E7533 /* Main.storyboard in Resources */ = {isa = PBXBuildFile; fileRef = 1A8A14BB1BC0636B007E7533 /* Main.storyboard */; };
		1A8A14BF1BC0636B007E7533 /* Assets.xcassets in Resources */ = {isa = PBXBuildFile; fileRef = 1A8A14BE1BC0636B007E7533 /* Assets.xcassets */; };
		1A8A14C21BC0636B007E7533 /* LaunchScreen.storyboard in Resources */ = {isa = PBXBuildFile; fileRef = 1A8A14C01BC0636B007E7533 /* LaunchScreen.storyboard */; };
		8B9D3A8F1BC0B9DB00B1FAC7 /* LeftMenuViewController.m in Sources */ = {isa = PBXBuildFile; fileRef = 8B9D3A8E1BC0B9DB00B1FAC7 /* LeftMenuViewController.m */; settings = {ASSET_TAGS = (); }; };
		8B9D3A921BC0B9EA00B1FAC7 /* HomeViewController.m in Sources */ = {isa = PBXBuildFile; fileRef = 8B9D3A911BC0B9EA00B1FAC7 /* HomeViewController.m */; settings = {ASSET_TAGS = (); }; };
		8B9D3A951BC0BA0D00B1FAC7 /* RightMenuViewController.m in Sources */ = {isa = PBXBuildFile; fileRef = 8B9D3A941BC0BA0D00B1FAC7 /* RightMenuViewController.m */; settings = {ASSET_TAGS = (); }; };
		8B9D3AA21BC0BA2B00B1FAC7 /* SlideNavigationContorllerAnimatorFade.m in Sources */ = {isa = PBXBuildFile; fileRef = 8B9D3A991BC0BA2B00B1FAC7 /* SlideNavigationContorllerAnimatorFade.m */; settings = {ASSET_TAGS = (); }; };
		8B9D3AA31BC0BA2B00B1FAC7 /* SlideNavigationContorllerAnimatorScale.m in Sources */ = {isa = PBXBuildFile; fileRef = 8B9D3A9B1BC0BA2B00B1FAC7 /* SlideNavigationContorllerAnimatorScale.m */; settings = {ASSET_TAGS = (); }; };
		8B9D3AA41BC0BA2B00B1FAC7 /* SlideNavigationContorllerAnimatorScaleAndFade.m in Sources */ = {isa = PBXBuildFile; fileRef = 8B9D3A9D1BC0BA2B00B1FAC7 /* SlideNavigationContorllerAnimatorScaleAndFade.m */; settings = {ASSET_TAGS = (); }; };
		8B9D3AA51BC0BA2B00B1FAC7 /* SlideNavigationContorllerAnimatorSlide.m in Sources */ = {isa = PBXBuildFile; fileRef = 8B9D3A9F1BC0BA2B00B1FAC7 /* SlideNavigationContorllerAnimatorSlide.m */; settings = {ASSET_TAGS = (); }; };
		8B9D3AA61BC0BA2B00B1FAC7 /* SlideNavigationContorllerAnimatorSlideAndFade.m in Sources */ = {isa = PBXBuildFile; fileRef = 8B9D3AA11BC0BA2B00B1FAC7 /* SlideNavigationContorllerAnimatorSlideAndFade.m */; settings = {ASSET_TAGS = (); }; };
		8B9D3AA91BC0BA5700B1FAC7 /* SlideNavigationController.m in Sources */ = {isa = PBXBuildFile; fileRef = 8B9D3AA81BC0BA5700B1FAC7 /* SlideNavigationController.m */; settings = {ASSET_TAGS = (); }; };
		8BD650E11BC0E60A0090BC81 /* MapKit.framework in Frameworks */ = {isa = PBXBuildFile; fileRef = 8BD650E01BC0E60A0090BC81 /* MapKit.framework */; };
/* End PBXBuildFile section */

/* Begin PBXFileReference section */
		15161F231BC07EA000FB6CBC /* ViewControllerLogin.h */ = {isa = PBXFileReference; fileEncoding = 4; lastKnownFileType = sourcecode.c.h; path = ViewControllerLogin.h; sourceTree = "<group>"; };
		15161F241BC07EA000FB6CBC /* ViewControllerLogin.m */ = {isa = PBXFileReference; fileEncoding = 4; lastKnownFileType = sourcecode.c.objc; path = ViewControllerLogin.m; sourceTree = "<group>"; };
		15D306BC1BC0A9C40083847F /* logo.png */ = {isa = PBXFileReference; lastKnownFileType = image.png; path = logo.png; sourceTree = "<group>"; };
		15D306BE1BC0B2250083847F /* ViewControllerSignUp.h */ = {isa = PBXFileReference; fileEncoding = 4; lastKnownFileType = sourcecode.c.h; path = ViewControllerSignUp.h; sourceTree = "<group>"; };
		15D306BF1BC0B2250083847F /* ViewControllerSignUp.m */ = {isa = PBXFileReference; fileEncoding = 4; lastKnownFileType = sourcecode.c.objc; path = ViewControllerSignUp.m; sourceTree = "<group>"; };
		15D314E51BC102C2006C9D51 /* Alex OP.JPG */ = {isa = PBXFileReference; lastKnownFileType = image.jpeg; path = "Alex OP.JPG"; sourceTree = "<group>"; };
		15D314EA1BC13975006C9D51 /* SelectCourseViewController.h */ = {isa = PBXFileReference; fileEncoding = 4; lastKnownFileType = sourcecode.c.h; path = SelectCourseViewController.h; sourceTree = "<group>"; };
		15D314EB1BC13975006C9D51 /* SelectCourseViewController.m */ = {isa = PBXFileReference; fileEncoding = 4; lastKnownFileType = sourcecode.c.objc; path = SelectCourseViewController.m; sourceTree = "<group>"; };
		1A8A14AF1BC0636A007E7533 /* TutoRing.app */ = {isa = PBXFileReference; explicitFileType = wrapper.application; includeInIndex = 0; path = TutoRing.app; sourceTree = BUILT_PRODUCTS_DIR; };
		1A8A14B31BC0636A007E7533 /* main.m */ = {isa = PBXFileReference; lastKnownFileType = sourcecode.c.objc; path = main.m; sourceTree = "<group>"; };
		1A8A14B51BC0636A007E7533 /* AppDelegate.h */ = {isa = PBXFileReference; lastKnownFileType = sourcecode.c.h; path = AppDelegate.h; sourceTree = "<group>"; };
		1A8A14B61BC0636A007E7533 /* AppDelegate.m */ = {isa = PBXFileReference; lastKnownFileType = sourcecode.c.objc; path = AppDelegate.m; sourceTree = "<group>"; };
		1A8A14BC1BC0636B007E7533 /* Base */ = {isa = PBXFileReference; lastKnownFileType = file.storyboard; name = Base; path = Base.lproj/Main.storyboard; sourceTree = "<group>"; };
		1A8A14BE1BC0636B007E7533 /* Assets.xcassets */ = {isa = PBXFileReference; lastKnownFileType = folder.assetcatalog; path = Assets.xcassets; sourceTree = "<group>"; };
		1A8A14C11BC0636B007E7533 /* Base */ = {isa = PBXFileReference; lastKnownFileType = file.storyboard; name = Base; path = Base.lproj/LaunchScreen.storyboard; sourceTree = "<group>"; };
		1A8A14C31BC0636B007E7533 /* Info.plist */ = {isa = PBXFileReference; lastKnownFileType = text.plist.xml; path = Info.plist; sourceTree = "<group>"; };
		8B9D3A8D1BC0B9DB00B1FAC7 /* LeftMenuViewController.h */ = {isa = PBXFileReference; fileEncoding = 4; lastKnownFileType = sourcecode.c.h; path = LeftMenuViewController.h; sourceTree = "<group>"; };
		8B9D3A8E1BC0B9DB00B1FAC7 /* LeftMenuViewController.m */ = {isa = PBXFileReference; fileEncoding = 4; lastKnownFileType = sourcecode.c.objc; path = LeftMenuViewController.m; sourceTree = "<group>"; };
		8B9D3A901BC0B9EA00B1FAC7 /* HomeViewController.h */ = {isa = PBXFileReference; fileEncoding = 4; lastKnownFileType = sourcecode.c.h; path = HomeViewController.h; sourceTree = "<group>"; };
		8B9D3A911BC0B9EA00B1FAC7 /* HomeViewController.m */ = {isa = PBXFileReference; fileEncoding = 4; lastKnownFileType = sourcecode.c.objc; path = HomeViewController.m; sourceTree = "<group>"; };
		8B9D3A931BC0BA0D00B1FAC7 /* RightMenuViewController.h */ = {isa = PBXFileReference; fileEncoding = 4; lastKnownFileType = sourcecode.c.h; path = RightMenuViewController.h; sourceTree = "<group>"; };
		8B9D3A941BC0BA0D00B1FAC7 /* RightMenuViewController.m */ = {isa = PBXFileReference; fileEncoding = 4; lastKnownFileType = sourcecode.c.objc; path = RightMenuViewController.m; sourceTree = "<group>"; };
		8B9D3A971BC0BA2B00B1FAC7 /* SlideNavigationContorllerAnimator.h */ = {isa = PBXFileReference; fileEncoding = 4; lastKnownFileType = sourcecode.c.h; path = SlideNavigationContorllerAnimator.h; sourceTree = "<group>"; };
		8B9D3A981BC0BA2B00B1FAC7 /* SlideNavigationContorllerAnimatorFade.h */ = {isa = PBXFileReference; fileEncoding = 4; lastKnownFileType = sourcecode.c.h; path = SlideNavigationContorllerAnimatorFade.h; sourceTree = "<group>"; };
		8B9D3A991BC0BA2B00B1FAC7 /* SlideNavigationContorllerAnimatorFade.m */ = {isa = PBXFileReference; fileEncoding = 4; lastKnownFileType = sourcecode.c.objc; path = SlideNavigationContorllerAnimatorFade.m; sourceTree = "<group>"; };
		8B9D3A9A1BC0BA2B00B1FAC7 /* SlideNavigationContorllerAnimatorScale.h */ = {isa = PBXFileReference; fileEncoding = 4; lastKnownFileType = sourcecode.c.h; path = SlideNavigationContorllerAnimatorScale.h; sourceTree = "<group>"; };
		8B9D3A9B1BC0BA2B00B1FAC7 /* SlideNavigationContorllerAnimatorScale.m */ = {isa = PBXFileReference; fileEncoding = 4; lastKnownFileType = sourcecode.c.objc; path = SlideNavigationContorllerAnimatorScale.m; sourceTree = "<group>"; };
		8B9D3A9C1BC0BA2B00B1FAC7 /* SlideNavigationContorllerAnimatorScaleAndFade.h */ = {isa = PBXFileReference; fileEncoding = 4; lastKnownFileType = sourcecode.c.h; path = SlideNavigationContorllerAnimatorScaleAndFade.h; sourceTree = "<group>"; };
		8B9D3A9D1BC0BA2B00B1FAC7 /* SlideNavigationContorllerAnimatorScaleAndFade.m */ = {isa = PBXFileReference; fileEncoding = 4; lastKnownFileType = sourcecode.c.objc; path = SlideNavigationContorllerAnimatorScaleAndFade.m; sourceTree = "<group>"; };
		8B9D3A9E1BC0BA2B00B1FAC7 /* SlideNavigationContorllerAnimatorSlide.h */ = {isa = PBXFileReference; fileEncoding = 4; lastKnownFileType = sourcecode.c.h; path = SlideNavigationContorllerAnimatorSlide.h; sourceTree = "<group>"; };
		8B9D3A9F1BC0BA2B00B1FAC7 /* SlideNavigationContorllerAnimatorSlide.m */ = {isa = PBXFileReference; fileEncoding = 4; lastKnownFileType = sourcecode.c.objc; path = SlideNavigationContorllerAnimatorSlide.m; sourceTree = "<group>"; };
		8B9D3AA01BC0BA2B00B1FAC7 /* SlideNavigationContorllerAnimatorSlideAndFade.h */ = {isa = PBXFileReference; fileEncoding = 4; lastKnownFileType = sourcecode.c.h; path = SlideNavigationContorllerAnimatorSlideAndFade.h; sourceTree = "<group>"; };
		8B9D3AA11BC0BA2B00B1FAC7 /* SlideNavigationContorllerAnimatorSlideAndFade.m */ = {isa = PBXFileReference; fileEncoding = 4; lastKnownFileType = sourcecode.c.objc; path = SlideNavigationContorllerAnimatorSlideAndFade.m; sourceTree = "<group>"; };
		8B9D3AA71BC0BA5700B1FAC7 /* SlideNavigationController.h */ = {isa = PBXFileReference; fileEncoding = 4; lastKnownFileType = sourcecode.c.h; path = SlideNavigationController.h; sourceTree = "<group>"; };
		8B9D3AA81BC0BA5700B1FAC7 /* SlideNavigationController.m */ = {isa = PBXFileReference; fileEncoding = 4; lastKnownFileType = sourcecode.c.objc; path = SlideNavigationController.m; sourceTree = "<group>"; };
		8BD650E01BC0E60A0090BC81 /* MapKit.framework */ = {isa = PBXFileReference; lastKnownFileType = wrapper.framework; name = MapKit.framework; path = System/Library/Frameworks/MapKit.framework; sourceTree = SDKROOT; };
/* End PBXFileReference section */

/* Begin PBXFrameworksBuildPhase section */
		1A8A14AC1BC0636A007E7533 /* Frameworks */ = {
			isa = PBXFrameworksBuildPhase;
			buildActionMask = 2147483647;
			files = (
				8BD650E11BC0E60A0090BC81 /* MapKit.framework in Frameworks */,
			);
			runOnlyForDeploymentPostprocessing = 0;
		};
/* End PBXFrameworksBuildPhase section */

/* Begin PBXGroup section */
		1A8A14A61BC0636A007E7533 = {
			isa = PBXGroup;
			children = (
				8BD650E01BC0E60A0090BC81 /* MapKit.framework */,
				1A8A14B11BC0636A007E7533 /* TutoRing */,
				1A8A14B01BC0636A007E7533 /* Products */,
			);
			sourceTree = "<group>";
		};
		1A8A14B01BC0636A007E7533 /* Products */ = {
			isa = PBXGroup;
			children = (
				1A8A14AF1BC0636A007E7533 /* TutoRing.app */,
			);
			name = Products;
			sourceTree = "<group>";
		};
		1A8A14B11BC0636A007E7533 /* TutoRing */ = {
			isa = PBXGroup;
			children = (
				8B9D3AA71BC0BA5700B1FAC7 /* SlideNavigationController.h */,
				8B9D3AA81BC0BA5700B1FAC7 /* SlideNavigationController.m */,
				8B9D3A961BC0BA2B00B1FAC7 /* Animations */,
				8B9D3A931BC0BA0D00B1FAC7 /* RightMenuViewController.h */,
				8B9D3A941BC0BA0D00B1FAC7 /* RightMenuViewController.m */,
				8B9D3A901BC0B9EA00B1FAC7 /* HomeViewController.h */,
				8B9D3A911BC0B9EA00B1FAC7 /* HomeViewController.m */,
				8B9D3A8D1BC0B9DB00B1FAC7 /* LeftMenuViewController.h */,
				8B9D3A8E1BC0B9DB00B1FAC7 /* LeftMenuViewController.m */,
				1A8A14B51BC0636A007E7533 /* AppDelegate.h */,
				1A8A14B61BC0636A007E7533 /* AppDelegate.m */,
				1A8A14BB1BC0636B007E7533 /* Main.storyboard */,
<<<<<<< HEAD
<<<<<<< HEAD
				8BC424AC1BC12FD300C05FBD /* SelectCourseViewController.h */,
				8BC424AD1BC12FD300C05FBD /* SelectCourseViewController.m */,
=======
				15D314EA1BC13975006C9D51 /* SelectCourseViewController.h */,
				15D314EB1BC13975006C9D51 /* SelectCourseViewController.m */,
>>>>>>> origin/signupcontroller
=======
>>>>>>> parent of b6c19d4... nuevos menus
				15D306BE1BC0B2250083847F /* ViewControllerSignUp.h */,
				15D306BF1BC0B2250083847F /* ViewControllerSignUp.m */,
				15161F231BC07EA000FB6CBC /* ViewControllerLogin.h */,
				15161F241BC07EA000FB6CBC /* ViewControllerLogin.m */,
				15D314E51BC102C2006C9D51 /* Alex OP.JPG */,
				1A8A14BE1BC0636B007E7533 /* Assets.xcassets */,
				1A8A14C01BC0636B007E7533 /* LaunchScreen.storyboard */,
				1A8A14C31BC0636B007E7533 /* Info.plist */,
				15D306BC1BC0A9C40083847F /* logo.png */,
				1A8A14B21BC0636A007E7533 /* Supporting Files */,
			);
			path = TutoRing;
			sourceTree = "<group>";
		};
		1A8A14B21BC0636A007E7533 /* Supporting Files */ = {
			isa = PBXGroup;
			children = (
				1A8A14B31BC0636A007E7533 /* main.m */,
			);
			name = "Supporting Files";
			sourceTree = "<group>";
		};
		8B9D3A961BC0BA2B00B1FAC7 /* Animations */ = {
			isa = PBXGroup;
			children = (
				8B9D3A971BC0BA2B00B1FAC7 /* SlideNavigationContorllerAnimator.h */,
				8B9D3A981BC0BA2B00B1FAC7 /* SlideNavigationContorllerAnimatorFade.h */,
				8B9D3A991BC0BA2B00B1FAC7 /* SlideNavigationContorllerAnimatorFade.m */,
				8B9D3A9A1BC0BA2B00B1FAC7 /* SlideNavigationContorllerAnimatorScale.h */,
				8B9D3A9B1BC0BA2B00B1FAC7 /* SlideNavigationContorllerAnimatorScale.m */,
				8B9D3A9C1BC0BA2B00B1FAC7 /* SlideNavigationContorllerAnimatorScaleAndFade.h */,
				8B9D3A9D1BC0BA2B00B1FAC7 /* SlideNavigationContorllerAnimatorScaleAndFade.m */,
				8B9D3A9E1BC0BA2B00B1FAC7 /* SlideNavigationContorllerAnimatorSlide.h */,
				8B9D3A9F1BC0BA2B00B1FAC7 /* SlideNavigationContorllerAnimatorSlide.m */,
				8B9D3AA01BC0BA2B00B1FAC7 /* SlideNavigationContorllerAnimatorSlideAndFade.h */,
				8B9D3AA11BC0BA2B00B1FAC7 /* SlideNavigationContorllerAnimatorSlideAndFade.m */,
			);
			path = Animations;
			sourceTree = "<group>";
		};
/* End PBXGroup section */

/* Begin PBXNativeTarget section */
		1A8A14AE1BC0636A007E7533 /* TutoRing */ = {
			isa = PBXNativeTarget;
			buildConfigurationList = 1A8A14C61BC0636B007E7533 /* Build configuration list for PBXNativeTarget "TutoRing" */;
			buildPhases = (
				1A8A14AB1BC0636A007E7533 /* Sources */,
				1A8A14AC1BC0636A007E7533 /* Frameworks */,
				1A8A14AD1BC0636A007E7533 /* Resources */,
			);
			buildRules = (
			);
			dependencies = (
			);
			name = TutoRing;
			productName = TutoRing;
			productReference = 1A8A14AF1BC0636A007E7533 /* TutoRing.app */;
			productType = "com.apple.product-type.application";
		};
/* End PBXNativeTarget section */

/* Begin PBXProject section */
		1A8A14A71BC0636A007E7533 /* Project object */ = {
			isa = PBXProject;
			attributes = {
				LastUpgradeCheck = 0700;
				ORGANIZATIONNAME = OmarCarreon;
				TargetAttributes = {
					1A8A14AE1BC0636A007E7533 = {
						CreatedOnToolsVersion = 7.0.1;
						DevelopmentTeam = LJQCNPGREG;
					};
				};
			};
			buildConfigurationList = 1A8A14AA1BC0636A007E7533 /* Build configuration list for PBXProject "TutoRing" */;
			compatibilityVersion = "Xcode 3.2";
			developmentRegion = English;
			hasScannedForEncodings = 0;
			knownRegions = (
				en,
				Base,
			);
			mainGroup = 1A8A14A61BC0636A007E7533;
			productRefGroup = 1A8A14B01BC0636A007E7533 /* Products */;
			projectDirPath = "";
			projectRoot = "";
			targets = (
				1A8A14AE1BC0636A007E7533 /* TutoRing */,
			);
		};
/* End PBXProject section */

/* Begin PBXResourcesBuildPhase section */
		1A8A14AD1BC0636A007E7533 /* Resources */ = {
			isa = PBXResourcesBuildPhase;
			buildActionMask = 2147483647;
			files = (
				15D306BD1BC0A9C40083847F /* logo.png in Resources */,
				1A8A14C21BC0636B007E7533 /* LaunchScreen.storyboard in Resources */,
				15D314E61BC102C2006C9D51 /* Alex OP.JPG in Resources */,
				1A8A14BF1BC0636B007E7533 /* Assets.xcassets in Resources */,
				1A8A14BD1BC0636B007E7533 /* Main.storyboard in Resources */,
			);
			runOnlyForDeploymentPostprocessing = 0;
		};
/* End PBXResourcesBuildPhase section */

/* Begin PBXSourcesBuildPhase section */
		1A8A14AB1BC0636A007E7533 /* Sources */ = {
			isa = PBXSourcesBuildPhase;
			buildActionMask = 2147483647;
			files = (
				8B9D3A951BC0BA0D00B1FAC7 /* RightMenuViewController.m in Sources */,
				15161F251BC07EA000FB6CBC /* ViewControllerLogin.m in Sources */,
				8B9D3AA61BC0BA2B00B1FAC7 /* SlideNavigationContorllerAnimatorSlideAndFade.m in Sources */,
				8B9D3AA21BC0BA2B00B1FAC7 /* SlideNavigationContorllerAnimatorFade.m in Sources */,
				1A8A14B71BC0636A007E7533 /* AppDelegate.m in Sources */,
				8B9D3AA31BC0BA2B00B1FAC7 /* SlideNavigationContorllerAnimatorScale.m in Sources */,
				8B9D3AA41BC0BA2B00B1FAC7 /* SlideNavigationContorllerAnimatorScaleAndFade.m in Sources */,
				8B9D3AA51BC0BA2B00B1FAC7 /* SlideNavigationContorllerAnimatorSlide.m in Sources */,
				8B9D3AA91BC0BA5700B1FAC7 /* SlideNavigationController.m in Sources */,
				15D306C01BC0B2250083847F /* ViewControllerSignUp.m in Sources */,
				8B9D3A8F1BC0B9DB00B1FAC7 /* LeftMenuViewController.m in Sources */,
<<<<<<< HEAD
<<<<<<< HEAD
				8BC424AE1BC12FD300C05FBD /* SelectCourseViewController.m in Sources */,
=======
				15D314EC1BC13975006C9D51 /* SelectCourseViewController.m in Sources */,
>>>>>>> origin/signupcontroller
=======
>>>>>>> parent of b6c19d4... nuevos menus
				1A8A14B41BC0636A007E7533 /* main.m in Sources */,
				8B9D3A921BC0B9EA00B1FAC7 /* HomeViewController.m in Sources */,
			);
			runOnlyForDeploymentPostprocessing = 0;
		};
/* End PBXSourcesBuildPhase section */

/* Begin PBXVariantGroup section */
		1A8A14BB1BC0636B007E7533 /* Main.storyboard */ = {
			isa = PBXVariantGroup;
			children = (
				1A8A14BC1BC0636B007E7533 /* Base */,
			);
			name = Main.storyboard;
			sourceTree = "<group>";
		};
		1A8A14C01BC0636B007E7533 /* LaunchScreen.storyboard */ = {
			isa = PBXVariantGroup;
			children = (
				1A8A14C11BC0636B007E7533 /* Base */,
			);
			name = LaunchScreen.storyboard;
			sourceTree = "<group>";
		};
/* End PBXVariantGroup section */

/* Begin XCBuildConfiguration section */
		1A8A14C41BC0636B007E7533 /* Debug */ = {
			isa = XCBuildConfiguration;
			buildSettings = {
				ALWAYS_SEARCH_USER_PATHS = NO;
				CLANG_CXX_LANGUAGE_STANDARD = "gnu++0x";
				CLANG_CXX_LIBRARY = "libc++";
				CLANG_ENABLE_MODULES = YES;
				CLANG_ENABLE_OBJC_ARC = YES;
				CLANG_WARN_BOOL_CONVERSION = YES;
				CLANG_WARN_CONSTANT_CONVERSION = YES;
				CLANG_WARN_DIRECT_OBJC_ISA_USAGE = YES_ERROR;
				CLANG_WARN_EMPTY_BODY = YES;
				CLANG_WARN_ENUM_CONVERSION = YES;
				CLANG_WARN_INT_CONVERSION = YES;
				CLANG_WARN_OBJC_ROOT_CLASS = YES_ERROR;
				CLANG_WARN_UNREACHABLE_CODE = YES;
				CLANG_WARN__DUPLICATE_METHOD_MATCH = YES;
				"CODE_SIGN_IDENTITY[sdk=iphoneos*]" = "iPhone Developer";
				COPY_PHASE_STRIP = NO;
				DEBUG_INFORMATION_FORMAT = dwarf;
				ENABLE_STRICT_OBJC_MSGSEND = YES;
				ENABLE_TESTABILITY = YES;
				GCC_C_LANGUAGE_STANDARD = gnu99;
				GCC_DYNAMIC_NO_PIC = NO;
				GCC_NO_COMMON_BLOCKS = YES;
				GCC_OPTIMIZATION_LEVEL = 0;
				GCC_PREPROCESSOR_DEFINITIONS = (
					"DEBUG=1",
					"$(inherited)",
				);
				GCC_WARN_64_TO_32_BIT_CONVERSION = YES;
				GCC_WARN_ABOUT_RETURN_TYPE = YES_ERROR;
				GCC_WARN_UNDECLARED_SELECTOR = YES;
				GCC_WARN_UNINITIALIZED_AUTOS = YES_AGGRESSIVE;
				GCC_WARN_UNUSED_FUNCTION = YES;
				GCC_WARN_UNUSED_VARIABLE = YES;
				IPHONEOS_DEPLOYMENT_TARGET = 9.0;
				MTL_ENABLE_DEBUG_INFO = YES;
				ONLY_ACTIVE_ARCH = YES;
				SDKROOT = iphoneos;
			};
			name = Debug;
		};
		1A8A14C51BC0636B007E7533 /* Release */ = {
			isa = XCBuildConfiguration;
			buildSettings = {
				ALWAYS_SEARCH_USER_PATHS = NO;
				CLANG_CXX_LANGUAGE_STANDARD = "gnu++0x";
				CLANG_CXX_LIBRARY = "libc++";
				CLANG_ENABLE_MODULES = YES;
				CLANG_ENABLE_OBJC_ARC = YES;
				CLANG_WARN_BOOL_CONVERSION = YES;
				CLANG_WARN_CONSTANT_CONVERSION = YES;
				CLANG_WARN_DIRECT_OBJC_ISA_USAGE = YES_ERROR;
				CLANG_WARN_EMPTY_BODY = YES;
				CLANG_WARN_ENUM_CONVERSION = YES;
				CLANG_WARN_INT_CONVERSION = YES;
				CLANG_WARN_OBJC_ROOT_CLASS = YES_ERROR;
				CLANG_WARN_UNREACHABLE_CODE = YES;
				CLANG_WARN__DUPLICATE_METHOD_MATCH = YES;
				"CODE_SIGN_IDENTITY[sdk=iphoneos*]" = "iPhone Developer";
				COPY_PHASE_STRIP = NO;
				DEBUG_INFORMATION_FORMAT = "dwarf-with-dsym";
				ENABLE_NS_ASSERTIONS = NO;
				ENABLE_STRICT_OBJC_MSGSEND = YES;
				GCC_C_LANGUAGE_STANDARD = gnu99;
				GCC_NO_COMMON_BLOCKS = YES;
				GCC_WARN_64_TO_32_BIT_CONVERSION = YES;
				GCC_WARN_ABOUT_RETURN_TYPE = YES_ERROR;
				GCC_WARN_UNDECLARED_SELECTOR = YES;
				GCC_WARN_UNINITIALIZED_AUTOS = YES_AGGRESSIVE;
				GCC_WARN_UNUSED_FUNCTION = YES;
				GCC_WARN_UNUSED_VARIABLE = YES;
				IPHONEOS_DEPLOYMENT_TARGET = 9.0;
				MTL_ENABLE_DEBUG_INFO = NO;
				SDKROOT = iphoneos;
				VALIDATE_PRODUCT = YES;
			};
			name = Release;
		};
		1A8A14C71BC0636B007E7533 /* Debug */ = {
			isa = XCBuildConfiguration;
			buildSettings = {
				ASSETCATALOG_COMPILER_APPICON_NAME = AppIcon;
				CODE_SIGN_IDENTITY = "iPhone Developer";
				"CODE_SIGN_IDENTITY[sdk=iphoneos*]" = "iPhone Developer";
				INFOPLIST_FILE = TutoRing/Info.plist;
				LD_RUNPATH_SEARCH_PATHS = "$(inherited) @executable_path/Frameworks";
				PRODUCT_BUNDLE_IDENTIFIER = com.omarcarreon.TutoRing;
				PRODUCT_NAME = "$(TARGET_NAME)";
				PROVISIONING_PROFILE = "";
			};
			name = Debug;
		};
		1A8A14C81BC0636B007E7533 /* Release */ = {
			isa = XCBuildConfiguration;
			buildSettings = {
				ASSETCATALOG_COMPILER_APPICON_NAME = AppIcon;
				CODE_SIGN_IDENTITY = "iPhone Developer";
				"CODE_SIGN_IDENTITY[sdk=iphoneos*]" = "iPhone Developer";
				INFOPLIST_FILE = TutoRing/Info.plist;
				LD_RUNPATH_SEARCH_PATHS = "$(inherited) @executable_path/Frameworks";
				PRODUCT_BUNDLE_IDENTIFIER = com.omarcarreon.TutoRing;
				PRODUCT_NAME = "$(TARGET_NAME)";
				PROVISIONING_PROFILE = "";
			};
			name = Release;
		};
/* End XCBuildConfiguration section */

/* Begin XCConfigurationList section */
		1A8A14AA1BC0636A007E7533 /* Build configuration list for PBXProject "TutoRing" */ = {
			isa = XCConfigurationList;
			buildConfigurations = (
				1A8A14C41BC0636B007E7533 /* Debug */,
				1A8A14C51BC0636B007E7533 /* Release */,
			);
			defaultConfigurationIsVisible = 0;
			defaultConfigurationName = Release;
		};
		1A8A14C61BC0636B007E7533 /* Build configuration list for PBXNativeTarget "TutoRing" */ = {
			isa = XCConfigurationList;
			buildConfigurations = (
				1A8A14C71BC0636B007E7533 /* Debug */,
				1A8A14C81BC0636B007E7533 /* Release */,
			);
			defaultConfigurationIsVisible = 0;
			defaultConfigurationName = Release;
		};
/* End XCConfigurationList section */
	};
	rootObject = 1A8A14A71BC0636A007E7533 /* Project object */;
}
